
Microsoft Visual Studio Solution File, Format Version 12.00
# Visual Studio Version 17
VisualStudioVersion = 17.8.34330.188
MinimumVisualStudioVersion = 10.0.40219.1
Project("{9A19103F-16F7-4668-BE54-9A1E7A4F7556}") = "GradeManagement", "GradeManagement.csproj", "{43F4B6A7-45BF-4472-90EB-1ED3146D2B2D}"
EndProject
Global
	GlobalSection(SolutionConfigurationPlatforms) = preSolution
		Debug|Any CPU = Debug|Any CPU
		Release|Any CPU = Release|Any CPU
	EndGlobalSection
	GlobalSection(ProjectConfigurationPlatforms) = postSolution
		{43F4B6A7-45BF-4472-90EB-1ED3146D2B2D}.Debug|Any CPU.ActiveCfg = Debug|Any CPU
		{43F4B6A7-45BF-4472-90EB-1ED3146D2B2D}.Debug|Any CPU.Build.0 = Debug|Any CPU
		{43F4B6A7-45BF-4472-90EB-1ED3146D2B2D}.Release|Any CPU.ActiveCfg = Release|Any CPU
		{43F4B6A7-45BF-4472-90EB-1ED3146D2B2D}.Release|Any CPU.Build.0 = Release|Any CPU
	EndGlobalSection
	GlobalSection(SolutionProperties) = preSolution
		HideSolutionNode = FALSE
	EndGlobalSection
	GlobalSection(ExtensibilityGlobals) = postSolution
		SolutionGuid = {FF5E52CB-E69C-4E73-95B2-C640A1238EC4}
	EndGlobalSection
EndGlobal
